
Microsoft Visual Studio Solution File, Format Version 12.00
# Visual Studio Version 16
VisualStudioVersion = 16.0.29709.97
MinimumVisualStudioVersion = 10.0.40219.1
Project("{FAE04EC0-301F-11D3-BF4B-00C04F79EFBC}") = "clash-royale-clan-tracker-api", "clash-royale-clan-tracker-api.csproj", "{404E6A4B-D510-49E5-8613-2E7E0C2B2F92}"
EndProject
Global
	GlobalSection(SolutionConfigurationPlatforms) = preSolution
		Debug|Any CPU = Debug|Any CPU
		Release|Any CPU = Release|Any CPU
	EndGlobalSection
	GlobalSection(ProjectConfigurationPlatforms) = postSolution
		{404E6A4B-D510-49E5-8613-2E7E0C2B2F92}.Debug|Any CPU.ActiveCfg = Debug|Any CPU
		{404E6A4B-D510-49E5-8613-2E7E0C2B2F92}.Debug|Any CPU.Build.0 = Debug|Any CPU
		{404E6A4B-D510-49E5-8613-2E7E0C2B2F92}.Release|Any CPU.ActiveCfg = Release|Any CPU
		{404E6A4B-D510-49E5-8613-2E7E0C2B2F92}.Release|Any CPU.Build.0 = Release|Any CPU
	EndGlobalSection
	GlobalSection(SolutionProperties) = preSolution
		HideSolutionNode = FALSE
	EndGlobalSection
	GlobalSection(ExtensibilityGlobals) = postSolution
		SolutionGuid = {9EAC2D2E-612D-4CA3-94FA-187232F84388}
	EndGlobalSection
EndGlobal
